// !$*UTF8*$!
{
	archiveVersion = 1;
	classes = {
	};
	objectVersion = 48;
	objects = {

/* Begin PBXBuildFile section */
		EFC24B571F37578A00C9200C /* AppDelegate.swift in Sources */ = {isa = PBXBuildFile; fileRef = EFC24B561F37578A00C9200C /* AppDelegate.swift */; };
		EFC24B591F37578A00C9200C /* ViewController.swift in Sources */ = {isa = PBXBuildFile; fileRef = EFC24B581F37578A00C9200C /* ViewController.swift */; };
		EFC24B5C1F37578A00C9200C /* Main.storyboard in Resources */ = {isa = PBXBuildFile; fileRef = EFC24B5A1F37578A00C9200C /* Main.storyboard */; };
		EFC24B5E1F37578A00C9200C /* Assets.xcassets in Resources */ = {isa = PBXBuildFile; fileRef = EFC24B5D1F37578A00C9200C /* Assets.xcassets */; };
		EFC24B611F37578A00C9200C /* LaunchScreen.storyboard in Resources */ = {isa = PBXBuildFile; fileRef = EFC24B5F1F37578A00C9200C /* LaunchScreen.storyboard */; };
		EFC24B6C1F37578A00C9200C /* StaicFamily_Github_AppTests.swift in Sources */ = {isa = PBXBuildFile; fileRef = EFC24B6B1F37578A00C9200C /* StaicFamily_Github_AppTests.swift */; };
/* End PBXBuildFile section */

/* Begin PBXContainerItemProxy section */
		EFC24B681F37578A00C9200C /* PBXContainerItemProxy */ = {
			isa = PBXContainerItemProxy;
			containerPortal = EFC24B4B1F37578A00C9200C /* Project object */;
			proxyType = 1;
			remoteGlobalIDString = EFC24B521F37578A00C9200C;
			remoteInfo = StaicFamily_Github_App;
		};
/* End PBXContainerItemProxy section */

/* Begin PBXFileReference section */
		EFC24B531F37578A00C9200C /* StaicFamily_Github_App.app */ = {isa = PBXFileReference; explicitFileType = wrapper.application; includeInIndex = 0; path = StaicFamily_Github_App.app; sourceTree = BUILT_PRODUCTS_DIR; };
		EFC24B561F37578A00C9200C /* AppDelegate.swift */ = {isa = PBXFileReference; lastKnownFileType = sourcecode.swift; path = AppDelegate.swift; sourceTree = "<group>"; };
		EFC24B581F37578A00C9200C /* ViewController.swift */ = {isa = PBXFileReference; lastKnownFileType = sourcecode.swift; path = ViewController.swift; sourceTree = "<group>"; };
		EFC24B5B1F37578A00C9200C /* Base */ = {isa = PBXFileReference; lastKnownFileType = file.storyboard; name = Base; path = Base.lproj/Main.storyboard; sourceTree = "<group>"; };
		EFC24B5D1F37578A00C9200C /* Assets.xcassets */ = {isa = PBXFileReference; lastKnownFileType = folder.assetcatalog; path = Assets.xcassets; sourceTree = "<group>"; };
		EFC24B601F37578A00C9200C /* Base */ = {isa = PBXFileReference; lastKnownFileType = file.storyboard; name = Base; path = Base.lproj/LaunchScreen.storyboard; sourceTree = "<group>"; };
		EFC24B621F37578A00C9200C /* Info.plist */ = {isa = PBXFileReference; lastKnownFileType = text.plist.xml; path = Info.plist; sourceTree = "<group>"; };
		EFC24B671F37578A00C9200C /* StaicFamily_Github_AppTests.xctest */ = {isa = PBXFileReference; explicitFileType = wrapper.cfbundle; includeInIndex = 0; path = StaicFamily_Github_AppTests.xctest; sourceTree = BUILT_PRODUCTS_DIR; };
		EFC24B6B1F37578A00C9200C /* StaicFamily_Github_AppTests.swift */ = {isa = PBXFileReference; lastKnownFileType = sourcecode.swift; path = StaicFamily_Github_AppTests.swift; sourceTree = "<group>"; };
		EFC24B6D1F37578A00C9200C /* Info.plist */ = {isa = PBXFileReference; lastKnownFileType = text.plist.xml; path = Info.plist; sourceTree = "<group>"; };
/* End PBXFileReference section */

/* Begin PBXFrameworksBuildPhase section */
		EFC24B501F37578A00C9200C /* Frameworks */ = {
			isa = PBXFrameworksBuildPhase;
			buildActionMask = 2147483647;
			files = (
			);
			runOnlyForDeploymentPostprocessing = 0;
		};
		EFC24B641F37578A00C9200C /* Frameworks */ = {
			isa = PBXFrameworksBuildPhase;
			buildActionMask = 2147483647;
			files = (
			);
			runOnlyForDeploymentPostprocessing = 0;
		};
/* End PBXFrameworksBuildPhase section */

/* Begin PBXGroup section */
		EFC24B4A1F37578A00C9200C = {
			isa = PBXGroup;
			children = (
				EFC24B551F37578A00C9200C /* StaicFamily_Github_App */,
				EFC24B6A1F37578A00C9200C /* StaicFamily_Github_AppTests */,
				EFC24B541F37578A00C9200C /* Products */,
			);
			sourceTree = "<group>";
		};
		EFC24B541F37578A00C9200C /* Products */ = {
			isa = PBXGroup;
			children = (
				EFC24B531F37578A00C9200C /* StaicFamily_Github_App.app */,
				EFC24B671F37578A00C9200C /* StaicFamily_Github_AppTests.xctest */,
			);
			name = Products;
			sourceTree = "<group>";
		};
		EFC24B551F37578A00C9200C /* StaicFamily_Github_App */ = {
			isa = PBXGroup;
			children = (
				EFC24B561F37578A00C9200C /* AppDelegate.swift */,
				EFC24B581F37578A00C9200C /* ViewController.swift */,
				EFC24B5A1F37578A00C9200C /* Main.storyboard */,
				EFC24B5D1F37578A00C9200C /* Assets.xcassets */,
				EFC24B5F1F37578A00C9200C /* LaunchScreen.storyboard */,
				EFC24B621F37578A00C9200C /* Info.plist */,
			);
			path = StaicFamily_Github_App;
			sourceTree = "<group>";
		};
		EFC24B6A1F37578A00C9200C /* StaicFamily_Github_AppTests */ = {
			isa = PBXGroup;
			children = (
				EFC24B6B1F37578A00C9200C /* StaicFamily_Github_AppTests.swift */,
				EFC24B6D1F37578A00C9200C /* Info.plist */,
			);
			path = StaicFamily_Github_AppTests;
			sourceTree = "<group>";
		};
/* End PBXGroup section */

/* Begin PBXNativeTarget section */
		EFC24B521F37578A00C9200C /* StaicFamily_Github_App */ = {
			isa = PBXNativeTarget;
			buildConfigurationList = EFC24B701F37578A00C9200C /* Build configuration list for PBXNativeTarget "StaicFamily_Github_App" */;
			buildPhases = (
				EFC24B4F1F37578A00C9200C /* Sources */,
				EFC24B501F37578A00C9200C /* Frameworks */,
				EFC24B511F37578A00C9200C /* Resources */,
			);
			buildRules = (
			);
			dependencies = (
			);
			name = StaicFamily_Github_App;
			productName = StaicFamily_Github_App;
			productReference = EFC24B531F37578A00C9200C /* StaicFamily_Github_App.app */;
			productType = "com.apple.product-type.application";
		};
		EFC24B661F37578A00C9200C /* StaicFamily_Github_AppTests */ = {
			isa = PBXNativeTarget;
			buildConfigurationList = EFC24B731F37578A00C9200C /* Build configuration list for PBXNativeTarget "StaicFamily_Github_AppTests" */;
			buildPhases = (
				EFC24B631F37578A00C9200C /* Sources */,
				EFC24B641F37578A00C9200C /* Frameworks */,
				EFC24B651F37578A00C9200C /* Resources */,
			);
			buildRules = (
			);
			dependencies = (
				EFC24B691F37578A00C9200C /* PBXTargetDependency */,
			);
			name = StaicFamily_Github_AppTests;
			productName = StaicFamily_Github_AppTests;
			productReference = EFC24B671F37578A00C9200C /* StaicFamily_Github_AppTests.xctest */;
			productType = "com.apple.product-type.bundle.unit-test";
		};
/* End PBXNativeTarget section */

/* Begin PBXProject section */
		EFC24B4B1F37578A00C9200C /* Project object */ = {
			isa = PBXProject;
			attributes = {
				LastSwiftUpdateCheck = 0900;
				LastUpgradeCheck = 0900;
				ORGANIZATIONNAME = MasterCard;
				TargetAttributes = {
					EFC24B521F37578A00C9200C = {
						CreatedOnToolsVersion = 9.0;
					};
					EFC24B661F37578A00C9200C = {
						CreatedOnToolsVersion = 9.0;
						TestTargetID = EFC24B521F37578A00C9200C;
					};
				};
			};
			buildConfigurationList = EFC24B4E1F37578A00C9200C /* Build configuration list for PBXProject "StaicFamily_Github_App" */;
			compatibilityVersion = "Xcode 8.0";
			developmentRegion = en;
			hasScannedForEncodings = 0;
			knownRegions = (
				en,
				Base,
			);
			mainGroup = EFC24B4A1F37578A00C9200C;
			productRefGroup = EFC24B541F37578A00C9200C /* Products */;
			projectDirPath = "";
			projectRoot = "";
			targets = (
				EFC24B521F37578A00C9200C /* StaicFamily_Github_App */,
				EFC24B661F37578A00C9200C /* StaicFamily_Github_AppTests */,
			);
		};
/* End PBXProject section */

/* Begin PBXResourcesBuildPhase section */
		EFC24B511F37578A00C9200C /* Resources */ = {
			isa = PBXResourcesBuildPhase;
			buildActionMask = 2147483647;
			files = (
				EFC24B611F37578A00C9200C /* LaunchScreen.storyboard in Resources */,
				EFC24B5E1F37578A00C9200C /* Assets.xcassets in Resources */,
				EFC24B5C1F37578A00C9200C /* Main.storyboard in Resources */,
			);
			runOnlyForDeploymentPostprocessing = 0;
		};
		EFC24B651F37578A00C9200C /* Resources */ = {
			isa = PBXResourcesBuildPhase;
			buildActionMask = 2147483647;
			files = (
			);
			runOnlyForDeploymentPostprocessing = 0;
		};
/* End PBXResourcesBuildPhase section */

/* Begin PBXSourcesBuildPhase section */
		EFC24B4F1F37578A00C9200C /* Sources */ = {
			isa = PBXSourcesBuildPhase;
			buildActionMask = 2147483647;
			files = (
				EFC24B591F37578A00C9200C /* ViewController.swift in Sources */,
				EFC24B571F37578A00C9200C /* AppDelegate.swift in Sources */,
			);
			runOnlyForDeploymentPostprocessing = 0;
		};
		EFC24B631F37578A00C9200C /* Sources */ = {
			isa = PBXSourcesBuildPhase;
			buildActionMask = 2147483647;
			files = (
				EFC24B6C1F37578A00C9200C /* StaicFamily_Github_AppTests.swift in Sources */,
			);
			runOnlyForDeploymentPostprocessing = 0;
		};
/* End PBXSourcesBuildPhase section */

/* Begin PBXTargetDependency section */
		EFC24B691F37578A00C9200C /* PBXTargetDependency */ = {
			isa = PBXTargetDependency;
			target = EFC24B521F37578A00C9200C /* StaicFamily_Github_App */;
			targetProxy = EFC24B681F37578A00C9200C /* PBXContainerItemProxy */;
		};
/* End PBXTargetDependency section */

/* Begin PBXVariantGroup section */
		EFC24B5A1F37578A00C9200C /* Main.storyboard */ = {
			isa = PBXVariantGroup;
			children = (
				EFC24B5B1F37578A00C9200C /* Base */,
			);
			name = Main.storyboard;
			sourceTree = "<group>";
		};
		EFC24B5F1F37578A00C9200C /* LaunchScreen.storyboard */ = {
			isa = PBXVariantGroup;
			children = (
				EFC24B601F37578A00C9200C /* Base */,
			);
			name = LaunchScreen.storyboard;
			sourceTree = "<group>";
		};
/* End PBXVariantGroup section */

/* Begin XCBuildConfiguration section */
		EFC24B6E1F37578A00C9200C /* Debug */ = {
			isa = XCBuildConfiguration;
			buildSettings = {
				ALWAYS_SEARCH_USER_PATHS = NO;
				CLANG_ANALYZER_NONNULL = YES;
				CLANG_ANALYZER_NUMBER_OBJECT_CONVERSION = YES_AGGRESSIVE;
				CLANG_CXX_LANGUAGE_STANDARD = "gnu++14";
				CLANG_CXX_LIBRARY = "libc++";
				CLANG_ENABLE_MODULES = YES;
				CLANG_ENABLE_OBJC_ARC = YES;
				CLANG_WARN_BLOCK_CAPTURE_AUTORELEASING = YES;
				CLANG_WARN_BOOL_CONVERSION = YES;
				CLANG_WARN_COMMA = YES;
				CLANG_WARN_CONSTANT_CONVERSION = YES;
				CLANG_WARN_DIRECT_OBJC_ISA_USAGE = YES_ERROR;
				CLANG_WARN_DOCUMENTATION_COMMENTS = YES;
				CLANG_WARN_EMPTY_BODY = YES;
				CLANG_WARN_ENUM_CONVERSION = YES;
				CLANG_WARN_INFINITE_RECURSION = YES;
				CLANG_WARN_INT_CONVERSION = YES;
				CLANG_WARN_NON_LITERAL_NULL_CONVERSION = YES;
				CLANG_WARN_OBJC_LITERAL_CONVERSION = YES;
				CLANG_WARN_OBJC_ROOT_CLASS = YES_ERROR;
				CLANG_WARN_RANGE_LOOP_ANALYSIS = YES;
				CLANG_WARN_STRICT_PROTOTYPES = YES;
				CLANG_WARN_SUSPICIOUS_MOVE = YES;
				CLANG_WARN_UNGUARDED_AVAILABILITY = YES_AGGRESSIVE;
				CLANG_WARN_UNREACHABLE_CODE = YES;
				CLANG_WARN__DUPLICATE_METHOD_MATCH = YES;
				CODE_SIGN_IDENTITY = "iPhone Developer";
				COPY_PHASE_STRIP = NO;
				DEBUG_INFORMATION_FORMAT = dwarf;
				ENABLE_STRICT_OBJC_MSGSEND = YES;
				ENABLE_TESTABILITY = YES;
				GCC_C_LANGUAGE_STANDARD = gnu11;
				GCC_DYNAMIC_NO_PIC = NO;
				GCC_NO_COMMON_BLOCKS = YES;
				GCC_OPTIMIZATION_LEVEL = 0;
				GCC_PREPROCESSOR_DEFINITIONS = (
					"DEBUG=1",
					"$(inherited)",
				);
				GCC_WARN_64_TO_32_BIT_CONVERSION = YES;
				GCC_WARN_ABOUT_RETURN_TYPE = YES_ERROR;
				GCC_WARN_UNDECLARED_SELECTOR = YES;
				GCC_WARN_UNINITIALIZED_AUTOS = YES_AGGRESSIVE;
				GCC_WARN_UNUSED_FUNCTION = YES;
				GCC_WARN_UNUSED_VARIABLE = YES;
				IPHONEOS_DEPLOYMENT_TARGET = 11.0;
				MTL_ENABLE_DEBUG_INFO = YES;
				ONLY_ACTIVE_ARCH = YES;
				SDKROOT = iphoneos;
				SWIFT_ACTIVE_COMPILATION_CONDITIONS = DEBUG;
				SWIFT_OPTIMIZATION_LEVEL = "-Onone";
			};
			name = Debug;
		};
		EFC24B6F1F37578A00C9200C /* Release */ = {
			isa = XCBuildConfiguration;
			buildSettings = {
				ALWAYS_SEARCH_USER_PATHS = NO;
				CLANG_ANALYZER_NONNULL = YES;
				CLANG_ANALYZER_NUMBER_OBJECT_CONVERSION = YES_AGGRESSIVE;
				CLANG_CXX_LANGUAGE_STANDARD = "gnu++14";
				CLANG_CXX_LIBRARY = "libc++";
				CLANG_ENABLE_MODULES = YES;
				CLANG_ENABLE_OBJC_ARC = YES;
				CLANG_WARN_BLOCK_CAPTURE_AUTORELEASING = YES;
				CLANG_WARN_BOOL_CONVERSION = YES;
				CLANG_WARN_COMMA = YES;
				CLANG_WARN_CONSTANT_CONVERSION = YES;
				CLANG_WARN_DIRECT_OBJC_ISA_USAGE = YES_ERROR;
				CLANG_WARN_DOCUMENTATION_COMMENTS = YES;
				CLANG_WARN_EMPTY_BODY = YES;
				CLANG_WARN_ENUM_CONVERSION = YES;
				CLANG_WARN_INFINITE_RECURSION = YES;
				CLANG_WARN_INT_CONVERSION = YES;
				CLANG_WARN_NON_LITERAL_NULL_CONVERSION = YES;
				CLANG_WARN_OBJC_LITERAL_CONVERSION = YES;
				CLANG_WARN_OBJC_ROOT_CLASS = YES_ERROR;
				CLANG_WARN_RANGE_LOOP_ANALYSIS = YES;
				CLANG_WARN_STRICT_PROTOTYPES = YES;
				CLANG_WARN_SUSPICIOUS_MOVE = YES;
				CLANG_WARN_UNGUARDED_AVAILABILITY = YES_AGGRESSIVE;
				CLANG_WARN_UNREACHABLE_CODE = YES;
				CLANG_WARN__DUPLICATE_METHOD_MATCH = YES;
				CODE_SIGN_IDENTITY = "iPhone Developer";
				COPY_PHASE_STRIP = NO;
				DEBUG_INFORMATION_FORMAT = "dwarf-with-dsym";
				ENABLE_NS_ASSERTIONS = NO;
				ENABLE_STRICT_OBJC_MSGSEND = YES;
				GCC_C_LANGUAGE_STANDARD = gnu11;
				GCC_NO_COMMON_BLOCKS = YES;
				GCC_WARN_64_TO_32_BIT_CONVERSION = YES;
				GCC_WARN_ABOUT_RETURN_TYPE = YES_ERROR;
				GCC_WARN_UNDECLARED_SELECTOR = YES;
				GCC_WARN_UNINITIALIZED_AUTOS = YES_AGGRESSIVE;
				GCC_WARN_UNUSED_FUNCTION = YES;
				GCC_WARN_UNUSED_VARIABLE = YES;
				IPHONEOS_DEPLOYMENT_TARGET = 11.0;
				MTL_ENABLE_DEBUG_INFO = NO;
				SDKROOT = iphoneos;
				SWIFT_OPTIMIZATION_LEVEL = "-Owholemodule";
				VALIDATE_PRODUCT = YES;
			};
			name = Release;
		};
		EFC24B711F37578A00C9200C /* Debug */ = {
			isa = XCBuildConfiguration;
			buildSettings = {
				ASSETCATALOG_COMPILER_APPICON_NAME = AppIcon;
				DEVELOPMENT_TEAM = AA4LHDPYCR;
				INFOPLIST_FILE = StaicFamily_Github_App/Info.plist;
				LD_RUNPATH_SEARCH_PATHS = "$(inherited) @executable_path/Frameworks";
				PRODUCT_BUNDLE_IDENTIFIER = "com.mastercard.com.StaicFamily-Github-App";
				PRODUCT_NAME = "$(TARGET_NAME)";
				SWIFT_VERSION = 4.0;
				TARGETED_DEVICE_FAMILY = "1,2";
			};
			name = Debug;
		};
		EFC24B721F37578A00C9200C /* Release */ = {
			isa = XCBuildConfiguration;
			buildSettings = {
				ASSETCATALOG_COMPILER_APPICON_NAME = AppIcon;
				DEVELOPMENT_TEAM = AA4LHDPYCR;
				INFOPLIST_FILE = StaicFamily_Github_App/Info.plist;
				LD_RUNPATH_SEARCH_PATHS = "$(inherited) @executable_path/Frameworks";
				PRODUCT_BUNDLE_IDENTIFIER = "com.mastercard.com.StaicFamily-Github-App";
				PRODUCT_NAME = "$(TARGET_NAME)";
				SWIFT_VERSION = 4.0;
				TARGETED_DEVICE_FAMILY = "1,2";
			};
			name = Release;
		};
		EFC24B741F37578A00C9200C /* Debug */ = {
			isa = XCBuildConfiguration;
			buildSettings = {
				ALWAYS_EMBED_SWIFT_STANDARD_LIBRARIES = YES;
				BUNDLE_LOADER = "$(TEST_HOST)";
				DEVELOPMENT_TEAM = AA4LHDPYCR;
				INFOPLIST_FILE = StaicFamily_Github_AppTests/Info.plist;
				LD_RUNPATH_SEARCH_PATHS = "$(inherited) @executable_path/Frameworks @loader_path/Frameworks";
				PRODUCT_BUNDLE_IDENTIFIER = "com.mastercard.com.StaicFamily-Github-AppTests";
				PRODUCT_NAME = "$(TARGET_NAME)";
				SWIFT_VERSION = 4.0;
				TARGETED_DEVICE_FAMILY = "1,2";
				TEST_HOST = "$(BUILT_PRODUCTS_DIR)/StaicFamily_Github_App.app/StaicFamily_Github_App";
			};
			name = Debug;
		};
		EFC24B751F37578A00C9200C /* Release */ = {
			isa = XCBuildConfiguration;
			buildSettings = {
				ALWAYS_EMBED_SWIFT_STANDARD_LIBRARIES = YES;
				BUNDLE_LOADER = "$(TEST_HOST)";
				DEVELOPMENT_TEAM = AA4LHDPYCR;
				INFOPLIST_FILE = StaicFamily_Github_AppTests/Info.plist;
				LD_RUNPATH_SEARCH_PATHS = "$(inherited) @executable_path/Frameworks @loader_path/Frameworks";
				PRODUCT_BUNDLE_IDENTIFIER = "com.mastercard.com.StaicFamily-Github-AppTests";
				PRODUCT_NAME = "$(TARGET_NAME)";
				SWIFT_VERSION = 4.0;
				TARGETED_DEVICE_FAMILY = "1,2";
				TEST_HOST = "$(BUILT_PRODUCTS_DIR)/StaicFamily_Github_App.app/StaicFamily_Github_App";
			};
			name = Release;
		};
/* End XCBuildConfiguration section */

/* Begin XCConfigurationList section */
		EFC24B4E1F37578A00C9200C /* Build configuration list for PBXProject "StaicFamily_Github_App" */ = {
			isa = XCConfigurationList;
			buildConfigurations = (
				EFC24B6E1F37578A00C9200C /* Debug */,
				EFC24B6F1F37578A00C9200C /* Release */,
			);
			defaultConfigurationIsVisible = 0;
			defaultConfigurationName = Release;
		};
		EFC24B701F37578A00C9200C /* Build configuration list for PBXNativeTarget "StaicFamily_Github_App" */ = {
			isa = XCConfigurationList;
			buildConfigurations = (
				EFC24B711F37578A00C9200C /* Debug */,
				EFC24B721F37578A00C9200C /* Release */,
			);
			defaultConfigurationIsVisible = 0;
			defaultConfigurationName = Release;
		};
		EFC24B731F37578A00C9200C /* Build configuration list for PBXNativeTarget "StaicFamily_Github_AppTests" */ = {
			isa = XCConfigurationList;
			buildConfigurations = (
				EFC24B741F37578A00C9200C /* Debug */,
				EFC24B751F37578A00C9200C /* Release */,
			);
			defaultConfigurationIsVisible = 0;
			defaultConfigurationName = Release;
		};
/* End XCConfigurationList section */
	};
	rootObject = EFC24B4B1F37578A00C9200C /* Project object */;
}
